
Microsoft Visual Studio Solution File, Format Version 12.00
# Visual Studio Version 17
VisualStudioVersion = 17.10.35122.118
MinimumVisualStudioVersion = 10.0.40219.1
Project("{F184B08F-C81C-45F6-A57F-5ABD9991F28F}") = "proc_func", "proc_func.vbproj", "{66F4ADB3-4F42-4C90-8208-455BD796CFD8}"
EndProject
Project("{F184B08F-C81C-45F6-A57F-5ABD9991F28F}") = "kalkulator", "..\kalkulator\kalkulator.vbproj", "{E4C8D5A1-EF51-4110-832D-99127B6B4819}"
EndProject
Global
	GlobalSection(SolutionConfigurationPlatforms) = preSolution
		Debug|Any CPU = Debug|Any CPU
		Release|Any CPU = Release|Any CPU
	EndGlobalSection
	GlobalSection(ProjectConfigurationPlatforms) = postSolution
		{66F4ADB3-4F42-4C90-8208-455BD796CFD8}.Debug|Any CPU.ActiveCfg = Debug|Any CPU
		{66F4ADB3-4F42-4C90-8208-455BD796CFD8}.Debug|Any CPU.Build.0 = Debug|Any CPU
		{66F4ADB3-4F42-4C90-8208-455BD796CFD8}.Release|Any CPU.ActiveCfg = Release|Any CPU
		{66F4ADB3-4F42-4C90-8208-455BD796CFD8}.Release|Any CPU.Build.0 = Release|Any CPU
		{E4C8D5A1-EF51-4110-832D-99127B6B4819}.Debug|Any CPU.ActiveCfg = Debug|Any CPU
		{E4C8D5A1-EF51-4110-832D-99127B6B4819}.Debug|Any CPU.Build.0 = Debug|Any CPU
		{E4C8D5A1-EF51-4110-832D-99127B6B4819}.Release|Any CPU.ActiveCfg = Release|Any CPU
		{E4C8D5A1-EF51-4110-832D-99127B6B4819}.Release|Any CPU.Build.0 = Release|Any CPU
	EndGlobalSection
	GlobalSection(SolutionProperties) = preSolution
		HideSolutionNode = FALSE
	EndGlobalSection
	GlobalSection(ExtensibilityGlobals) = postSolution
		SolutionGuid = {6EC39CF4-38A6-4C45-9C15-A37B63DCEF1E}
	EndGlobalSection
EndGlobal
